
Microsoft Visual Studio Solution File, Format Version 12.00
# Visual Studio Version 17
VisualStudioVersion = 17.0.31903.59
MinimumVisualStudioVersion = 10.0.40219.1
Project("{2150E333-8FDC-42A3-9474-1A3956D46DE8}") = "tests", "tests", "{D499E3ED-15B2-4A46-9151-03CD785F6D58}"
EndProject
Project("{FAE04EC0-301F-11D3-BF4B-00C04F79EFBC}") = "Backend.Tests", "tests\Backend.Tests\Backend.Tests.csproj", "{EC0B6C41-2355-468A-A42D-5A4CD7CDB3D4}"
EndProject
Project("{2150E333-8FDC-42A3-9474-1A3956D46DE8}") = "src", "src", "{645C9BFC-FEEF-4E77-90D5-C4AB6E1DBBF6}"
EndProject
Project("{FAE04EC0-301F-11D3-BF4B-00C04F79EFBC}") = "Backend.Idp.Domain", "src\Backend.Idp.Domain\Backend.Idp.Domain.csproj", "{1BB73048-E1EA-4E06-99AD-A5C592D67613}"
EndProject
Project("{FAE04EC0-301F-11D3-BF4B-00C04F79EFBC}") = "Backend.As.Domain", "src\Backend.As.Domain\Backend.As.Domain.csproj", "{A2C4D8F1-3E7B-4A9C-B5D6-8F2E1C3A4B7D}"
EndProject
Project("{FAE04EC0-301F-11D3-BF4B-00C04F79EFBC}") = "Backend.Application", "src\Backend.Application\Backend.Application.csproj", "{83D51949-CE9C-49CE-A71E-1E3630D4164A}"
EndProject
Project("{FAE04EC0-301F-11D3-BF4B-00C04F79EFBC}") = "Backend.Infrastructure", "src\Backend.Infrastructure\Backend.Infrastructure.csproj", "{C11E15DC-7D1E-4FD5-AF93-BC52CAD7581A}"
EndProject
Project("{FAE04EC0-301F-11D3-BF4B-00C04F79EFBC}") = "Backend.Api", "src\Backend.Api\Backend.Api.csproj", "{796CBED1-515C-4EE8-B00C-FD407E21DC21}"
EndProject
Project("{FAE04EC0-301F-11D3-BF4B-00C04F79EFBC}") = "Backend.IntegrationTests", "tests\Backend.IntegrationTests\Backend.IntegrationTests.csproj", "{E4BCBE7F-618A-4DB9-854C-6DB828976972}"
EndProject
Project("{FAE04EC0-301F-11D3-BF4B-00C04F79EFBC}") = "Backend.Mcp", "src\Backend.Mcp\Backend.Mcp.csproj", "{653E1D90-44B2-4110-B9A6-B519310C13A4}"
EndProject
Global
	GlobalSection(SolutionConfigurationPlatforms) = preSolution
		Debug|Any CPU = Debug|Any CPU
		Release|Any CPU = Release|Any CPU
	EndGlobalSection
	GlobalSection(SolutionProperties) = preSolution
		HideSolutionNode = FALSE
	EndGlobalSection
	GlobalSection(ProjectConfigurationPlatforms) = postSolution
		{EC0B6C41-2355-468A-A42D-5A4CD7CDB3D4}.Debug|Any CPU.ActiveCfg = Debug|Any CPU
		{EC0B6C41-2355-468A-A42D-5A4CD7CDB3D4}.Debug|Any CPU.Build.0 = Debug|Any CPU
		{EC0B6C41-2355-468A-A42D-5A4CD7CDB3D4}.Release|Any CPU.ActiveCfg = Release|Any CPU
		{EC0B6C41-2355-468A-A42D-5A4CD7CDB3D4}.Release|Any CPU.Build.0 = Release|Any CPU
		{1BB73048-E1EA-4E06-99AD-A5C592D67613}.Debug|Any CPU.ActiveCfg = Debug|Any CPU
		{1BB73048-E1EA-4E06-99AD-A5C592D67613}.Debug|Any CPU.Build.0 = Debug|Any CPU
		{1BB73048-E1EA-4E06-99AD-A5C592D67613}.Release|Any CPU.ActiveCfg = Release|Any CPU
		{1BB73048-E1EA-4E06-99AD-A5C592D67613}.Release|Any CPU.Build.0 = Release|Any CPU
		{83D51949-CE9C-49CE-A71E-1E3630D4164A}.Debug|Any CPU.ActiveCfg = Debug|Any CPU
		{83D51949-CE9C-49CE-A71E-1E3630D4164A}.Debug|Any CPU.Build.0 = Debug|Any CPU
		{83D51949-CE9C-49CE-A71E-1E3630D4164A}.Release|Any CPU.ActiveCfg = Release|Any CPU
		{83D51949-CE9C-49CE-A71E-1E3630D4164A}.Release|Any CPU.Build.0 = Release|Any CPU
		{C11E15DC-7D1E-4FD5-AF93-BC52CAD7581A}.Debug|Any CPU.ActiveCfg = Debug|Any CPU
		{C11E15DC-7D1E-4FD5-AF93-BC52CAD7581A}.Debug|Any CPU.Build.0 = Debug|Any CPU
		{C11E15DC-7D1E-4FD5-AF93-BC52CAD7581A}.Release|Any CPU.ActiveCfg = Release|Any CPU
		{C11E15DC-7D1E-4FD5-AF93-BC52CAD7581A}.Release|Any CPU.Build.0 = Release|Any CPU
		{796CBED1-515C-4EE8-B00C-FD407E21DC21}.Debug|Any CPU.ActiveCfg = Debug|Any CPU
		{796CBED1-515C-4EE8-B00C-FD407E21DC21}.Debug|Any CPU.Build.0 = Debug|Any CPU
		{796CBED1-515C-4EE8-B00C-FD407E21DC21}.Release|Any CPU.ActiveCfg = Release|Any CPU
		{796CBED1-515C-4EE8-B00C-FD407E21DC21}.Release|Any CPU.Build.0 = Release|Any CPU
		{E4BCBE7F-618A-4DB9-854C-6DB828976972}.Debug|Any CPU.ActiveCfg = Debug|Any CPU
		{E4BCBE7F-618A-4DB9-854C-6DB828976972}.Debug|Any CPU.Build.0 = Debug|Any CPU
		{E4BCBE7F-618A-4DB9-854C-6DB828976972}.Release|Any CPU.ActiveCfg = Release|Any CPU
		{E4BCBE7F-618A-4DB9-854C-6DB828976972}.Release|Any CPU.Build.0 = Release|Any CPU
		{653E1D90-44B2-4110-B9A6-B519310C13A4}.Debug|Any CPU.ActiveCfg = Debug|Any CPU
		{653E1D90-44B2-4110-B9A6-B519310C13A4}.Debug|Any CPU.Build.0 = Debug|Any CPU
		{653E1D90-44B2-4110-B9A6-B519310C13A4}.Release|Any CPU.ActiveCfg = Release|Any CPU
		{653E1D90-44B2-4110-B9A6-B519310C13A4}.Release|Any CPU.Build.0 = Release|Any CPU
		{A2C4D8F1-3E7B-4A9C-B5D6-8F2E1C3A4B7D}.Debug|Any CPU.ActiveCfg = Debug|Any CPU
		{A2C4D8F1-3E7B-4A9C-B5D6-8F2E1C3A4B7D}.Debug|Any CPU.Build.0 = Debug|Any CPU
		{A2C4D8F1-3E7B-4A9C-B5D6-8F2E1C3A4B7D}.Release|Any CPU.ActiveCfg = Release|Any CPU
		{A2C4D8F1-3E7B-4A9C-B5D6-8F2E1C3A4B7D}.Release|Any CPU.Build.0 = Release|Any CPU
	EndGlobalSection
	GlobalSection(NestedProjects) = preSolution
		{EC0B6C41-2355-468A-A42D-5A4CD7CDB3D4} = {D499E3ED-15B2-4A46-9151-03CD785F6D58}
		{1BB73048-E1EA-4E06-99AD-A5C592D67613} = {645C9BFC-FEEF-4E77-90D5-C4AB6E1DBBF6}
		{83D51949-CE9C-49CE-A71E-1E3630D4164A} = {645C9BFC-FEEF-4E77-90D5-C4AB6E1DBBF6}
		{C11E15DC-7D1E-4FD5-AF93-BC52CAD7581A} = {645C9BFC-FEEF-4E77-90D5-C4AB6E1DBBF6}
		{796CBED1-515C-4EE8-B00C-FD407E21DC21} = {645C9BFC-FEEF-4E77-90D5-C4AB6E1DBBF6}
		{E4BCBE7F-618A-4DB9-854C-6DB828976972} = {D499E3ED-15B2-4A46-9151-03CD785F6D58}
		{653E1D90-44B2-4110-B9A6-B519310C13A4} = {645C9BFC-FEEF-4E77-90D5-C4AB6E1DBBF6}
		{A2C4D8F1-3E7B-4A9C-B5D6-8F2E1C3A4B7D} = {645C9BFC-FEEF-4E77-90D5-C4AB6E1DBBF6}
	EndGlobalSection
EndGlobal
